
Microsoft Visual Studio Solution File, Format Version 12.00
# Visual Studio Version 16
VisualStudioVersion = 16.0.30114.105
MinimumVisualStudioVersion = 10.0.40219.1
Project("{8BC9CEB8-8B4A-11D0-8D11-00A0C91BC942}") = "WS07", "WS07.vcxproj", "{5949C78A-9265-40F8-8E56-720D783C0EB3}"
EndProject
Global
	GlobalSection(SolutionConfigurationPlatforms) = preSolution
		Debug|x64 = Debug|x64
		Debug|x86 = Debug|x86
		Release|x64 = Release|x64
		Release|x86 = Release|x86
	EndGlobalSection
	GlobalSection(ProjectConfigurationPlatforms) = postSolution
		{5949C78A-9265-40F8-8E56-720D783C0EB3}.Debug|x64.ActiveCfg = Debug|x64
		{5949C78A-9265-40F8-8E56-720D783C0EB3}.Debug|x64.Build.0 = Debug|x64
		{5949C78A-9265-40F8-8E56-720D783C0EB3}.Debug|x86.ActiveCfg = Debug|Win32
		{5949C78A-9265-40F8-8E56-720D783C0EB3}.Debug|x86.Build.0 = Debug|Win32
		{5949C78A-9265-40F8-8E56-720D783C0EB3}.Release|x64.ActiveCfg = Release|x64
		{5949C78A-9265-40F8-8E56-720D783C0EB3}.Release|x64.Build.0 = Release|x64
		{5949C78A-9265-40F8-8E56-720D783C0EB3}.Release|x86.ActiveCfg = Release|Win32
		{5949C78A-9265-40F8-8E56-720D783C0EB3}.Release|x86.Build.0 = Release|Win32
	EndGlobalSection
	GlobalSection(SolutionProperties) = preSolution
		HideSolutionNode = FALSE
	EndGlobalSection
	GlobalSection(ExtensibilityGlobals) = postSolution
		SolutionGuid = {68800A71-4D55-4881-99E7-76BBEE6D247D}
	EndGlobalSection
EndGlobal
