
Microsoft Visual Studio Solution File, Format Version 12.00
# Visual Studio Version 16
VisualStudioVersion = 16.0.30114.105
MinimumVisualStudioVersion = 10.0.40219.1
Project("{8BC9CEB8-8B4A-11D0-8D11-00A0C91BC942}") = "WS04", "WS04.vcxproj", "{B6204658-B41B-48EF-A137-CE18D74D204F}"
EndProject
Global
	GlobalSection(SolutionConfigurationPlatforms) = preSolution
		Debug|x64 = Debug|x64
		Debug|x86 = Debug|x86
		Release|x64 = Release|x64
		Release|x86 = Release|x86
	EndGlobalSection
	GlobalSection(ProjectConfigurationPlatforms) = postSolution
		{B6204658-B41B-48EF-A137-CE18D74D204F}.Debug|x64.ActiveCfg = Debug|x64
		{B6204658-B41B-48EF-A137-CE18D74D204F}.Debug|x64.Build.0 = Debug|x64
		{B6204658-B41B-48EF-A137-CE18D74D204F}.Debug|x86.ActiveCfg = Debug|Win32
		{B6204658-B41B-48EF-A137-CE18D74D204F}.Debug|x86.Build.0 = Debug|Win32
		{B6204658-B41B-48EF-A137-CE18D74D204F}.Release|x64.ActiveCfg = Release|x64
		{B6204658-B41B-48EF-A137-CE18D74D204F}.Release|x64.Build.0 = Release|x64
		{B6204658-B41B-48EF-A137-CE18D74D204F}.Release|x86.ActiveCfg = Release|Win32
		{B6204658-B41B-48EF-A137-CE18D74D204F}.Release|x86.Build.0 = Release|Win32
	EndGlobalSection
	GlobalSection(SolutionProperties) = preSolution
		HideSolutionNode = FALSE
	EndGlobalSection
	GlobalSection(ExtensibilityGlobals) = postSolution
		SolutionGuid = {943B4953-5651-4280-B2AB-7AB71C1C8EE1}
	EndGlobalSection
EndGlobal
